
Microsoft Visual Studio Solution File, Format Version 12.00
# Visual Studio Version 16
VisualStudioVersion = 16.0.31229.75
MinimumVisualStudioVersion = 10.0.40219.1
Project("{9A19103F-16F7-4668-BE54-9A1E7A4F7556}") = "MovieShopMVC", "MovieShopMVC\MovieShopMVC.csproj", "{42929456-80BF-4EF3-93AB-693073F73311}"
EndProject
Project("{9A19103F-16F7-4668-BE54-9A1E7A4F7556}") = "ApplicationCore", "ApplicationCore\ApplicationCore.csproj", "{90AF9923-698B-4305-81D5-8FBD21555E10}"
EndProject
Project("{9A19103F-16F7-4668-BE54-9A1E7A4F7556}") = "Infrastructure", "Infrastructure\Infrastructure.csproj", "{9AD9E625-CD8F-4E2C-97B4-784ADD3078F5}"
EndProject
Project("{FAE04EC0-301F-11D3-BF4B-00C04F79EFBC}") = "MovieShopAPI", "MovieShopAPI\MovieShopAPI.csproj", "{E9776014-9A33-44E3-991C-37E394DB2769}"
EndProject
Global
	GlobalSection(SolutionConfigurationPlatforms) = preSolution
		Debug|Any CPU = Debug|Any CPU
		Release|Any CPU = Release|Any CPU
	EndGlobalSection
	GlobalSection(ProjectConfigurationPlatforms) = postSolution
		{42929456-80BF-4EF3-93AB-693073F73311}.Debug|Any CPU.ActiveCfg = Debug|Any CPU
		{42929456-80BF-4EF3-93AB-693073F73311}.Debug|Any CPU.Build.0 = Debug|Any CPU
		{42929456-80BF-4EF3-93AB-693073F73311}.Release|Any CPU.ActiveCfg = Release|Any CPU
		{42929456-80BF-4EF3-93AB-693073F73311}.Release|Any CPU.Build.0 = Release|Any CPU
		{90AF9923-698B-4305-81D5-8FBD21555E10}.Debug|Any CPU.ActiveCfg = Debug|Any CPU
		{90AF9923-698B-4305-81D5-8FBD21555E10}.Debug|Any CPU.Build.0 = Debug|Any CPU
		{90AF9923-698B-4305-81D5-8FBD21555E10}.Release|Any CPU.ActiveCfg = Release|Any CPU
		{90AF9923-698B-4305-81D5-8FBD21555E10}.Release|Any CPU.Build.0 = Release|Any CPU
		{9AD9E625-CD8F-4E2C-97B4-784ADD3078F5}.Debug|Any CPU.ActiveCfg = Debug|Any CPU
		{9AD9E625-CD8F-4E2C-97B4-784ADD3078F5}.Debug|Any CPU.Build.0 = Debug|Any CPU
		{9AD9E625-CD8F-4E2C-97B4-784ADD3078F5}.Release|Any CPU.ActiveCfg = Release|Any CPU
		{9AD9E625-CD8F-4E2C-97B4-784ADD3078F5}.Release|Any CPU.Build.0 = Release|Any CPU
		{E9776014-9A33-44E3-991C-37E394DB2769}.Debug|Any CPU.ActiveCfg = Debug|Any CPU
		{E9776014-9A33-44E3-991C-37E394DB2769}.Debug|Any CPU.Build.0 = Debug|Any CPU
		{E9776014-9A33-44E3-991C-37E394DB2769}.Release|Any CPU.ActiveCfg = Release|Any CPU
		{E9776014-9A33-44E3-991C-37E394DB2769}.Release|Any CPU.Build.0 = Release|Any CPU
	EndGlobalSection
	GlobalSection(SolutionProperties) = preSolution
		HideSolutionNode = FALSE
	EndGlobalSection
	GlobalSection(ExtensibilityGlobals) = postSolution
		SolutionGuid = {B1C8ED0E-54F3-4E6D-8E81-260387D3DACD}
	EndGlobalSection
EndGlobal
